
Microsoft Visual Studio Solution File, Format Version 12.00
# Visual Studio Version 17
VisualStudioVersion = 17.8.34316.72
MinimumVisualStudioVersion = 10.0.40219.1
Project("{FAE04EC0-301F-11D3-BF4B-00C04F79EFBC}") = "WordleClone", "WordleClone\WordleClone.csproj", "{51C7975A-F212-4373-8E30-6524E20A5634}"
EndProject
Global
	GlobalSection(SolutionConfigurationPlatforms) = preSolution
		Debug|Any CPU = Debug|Any CPU
		Release|Any CPU = Release|Any CPU
	EndGlobalSection
	GlobalSection(ProjectConfigurationPlatforms) = postSolution
		{51C7975A-F212-4373-8E30-6524E20A5634}.Debug|Any CPU.ActiveCfg = Debug|Any CPU
		{51C7975A-F212-4373-8E30-6524E20A5634}.Debug|Any CPU.Build.0 = Debug|Any CPU
		{51C7975A-F212-4373-8E30-6524E20A5634}.Release|Any CPU.ActiveCfg = Release|Any CPU
		{51C7975A-F212-4373-8E30-6524E20A5634}.Release|Any CPU.Build.0 = Release|Any CPU
	EndGlobalSection
	GlobalSection(SolutionProperties) = preSolution
		HideSolutionNode = FALSE
	EndGlobalSection
	GlobalSection(ExtensibilityGlobals) = postSolution
		SolutionGuid = {7FC6EAFA-FFB5-4F52-BC6F-8AB26DA6674E}
	EndGlobalSection
EndGlobal
